
Microsoft Visual Studio Solution File, Format Version 12.00
# Visual Studio Version 17
VisualStudioVersion = 17.5.33627.172
MinimumVisualStudioVersion = 10.0.40219.1
Project("{9A19103F-16F7-4668-BE54-9A1E7A4F7556}") = "slotMachine", "slotMachine\slotMachine.csproj", "{A8279F92-7F0C-4D0F-B04F-A7DF1CEFD93E}"
EndProject
Project("{FAE04EC0-301F-11D3-BF4B-00C04F79EFBC}") = "slotMachine.UnitTests", "slotMachine.UnitTests\slotMachine.UnitTests.csproj", "{64804478-3CDF-4740-9083-1759BBF0E8C7}"
EndProject
Global
	GlobalSection(SolutionConfigurationPlatforms) = preSolution
		Debug|Any CPU = Debug|Any CPU
		Release|Any CPU = Release|Any CPU
	EndGlobalSection
	GlobalSection(ProjectConfigurationPlatforms) = postSolution
		{A8279F92-7F0C-4D0F-B04F-A7DF1CEFD93E}.Debug|Any CPU.ActiveCfg = Debug|Any CPU
		{A8279F92-7F0C-4D0F-B04F-A7DF1CEFD93E}.Debug|Any CPU.Build.0 = Debug|Any CPU
		{A8279F92-7F0C-4D0F-B04F-A7DF1CEFD93E}.Release|Any CPU.ActiveCfg = Release|Any CPU
		{A8279F92-7F0C-4D0F-B04F-A7DF1CEFD93E}.Release|Any CPU.Build.0 = Release|Any CPU
		{64804478-3CDF-4740-9083-1759BBF0E8C7}.Debug|Any CPU.ActiveCfg = Debug|Any CPU
		{64804478-3CDF-4740-9083-1759BBF0E8C7}.Debug|Any CPU.Build.0 = Debug|Any CPU
		{64804478-3CDF-4740-9083-1759BBF0E8C7}.Release|Any CPU.ActiveCfg = Release|Any CPU
		{64804478-3CDF-4740-9083-1759BBF0E8C7}.Release|Any CPU.Build.0 = Release|Any CPU
	EndGlobalSection
	GlobalSection(SolutionProperties) = preSolution
		HideSolutionNode = FALSE
	EndGlobalSection
	GlobalSection(ExtensibilityGlobals) = postSolution
		SolutionGuid = {5FA62895-D8D7-4D07-BD68-97034A379E06}
	EndGlobalSection
EndGlobal
